
Microsoft Visual Studio Solution File, Format Version 12.00
# Visual Studio 15
VisualStudioVersion = 15.0.26228.4
MinimumVisualStudioVersion = 10.0.40219.1
Project("{FAE04EC0-301F-11D3-BF4B-00C04F79EFBC}") = "AVRZeus", "AVRZeus\AVRZeus.csproj", "{61AE0BF5-98EA-400D-A33B-E457272A3F9F}"
EndProject
Project("{FAE04EC0-301F-11D3-BF4B-00C04F79EFBC}") = "AVRDUDE.NET", "AVRDUDE.NET\AVRDUDE.NET.csproj", "{57CD96AA-6C37-45FE-98D4-8831D09F4C90}"
EndProject
Global
	GlobalSection(SolutionConfigurationPlatforms) = preSolution
		Debug|Any CPU = Debug|Any CPU
		Release|Any CPU = Release|Any CPU
	EndGlobalSection
	GlobalSection(ProjectConfigurationPlatforms) = postSolution
		{61AE0BF5-98EA-400D-A33B-E457272A3F9F}.Debug|Any CPU.ActiveCfg = Debug|Any CPU
		{61AE0BF5-98EA-400D-A33B-E457272A3F9F}.Debug|Any CPU.Build.0 = Debug|Any CPU
		{61AE0BF5-98EA-400D-A33B-E457272A3F9F}.Release|Any CPU.ActiveCfg = Release|Any CPU
		{61AE0BF5-98EA-400D-A33B-E457272A3F9F}.Release|Any CPU.Build.0 = Release|Any CPU
		{57CD96AA-6C37-45FE-98D4-8831D09F4C90}.Debug|Any CPU.ActiveCfg = Debug|Any CPU
		{57CD96AA-6C37-45FE-98D4-8831D09F4C90}.Debug|Any CPU.Build.0 = Debug|Any CPU
		{57CD96AA-6C37-45FE-98D4-8831D09F4C90}.Release|Any CPU.ActiveCfg = Release|Any CPU
		{57CD96AA-6C37-45FE-98D4-8831D09F4C90}.Release|Any CPU.Build.0 = Release|Any CPU
	EndGlobalSection
	GlobalSection(SolutionProperties) = preSolution
		HideSolutionNode = FALSE
	EndGlobalSection
EndGlobal
